
Microsoft Visual Studio Solution File, Format Version 12.00
# Visual Studio Version 17
VisualStudioVersion = 17.0.31903.59
MinimumVisualStudioVersion = 10.0.40219.1
Project("{FAE04EC0-301F-11D3-BF4B-00C04F79EFBC}") = "Topic1_Classes", "Topic1_Classes\Topic1_Classes.csproj", "{ED9878B6-4787-4A59-BA25-7B216CBDFAA7}"
EndProject
Project("{FAE04EC0-301F-11D3-BF4B-00C04F79EFBC}") = "Topic2_Interfaces", "Topic2_Interfaces\Topic2_Interfaces.csproj", "{D0CF69AC-6898-46E5-8FF3-3CA83FFE0214}"
EndProject
Project("{FAE04EC0-301F-11D3-BF4B-00C04F79EFBC}") = "Topic3_Polymorphism", "Topic3_Polymorphism\Topic3_Polymorphism.csproj", "{B17919B3-68DD-4A60-BABA-97CD0AB808B8}"
EndProject
Project("{FAE04EC0-301F-11D3-BF4B-00C04F79EFBC}") = "Topic4_Collections", "Topic4_Collections\Topic4_Collections.csproj", "{60BA81B5-DCB3-4BBD-9DCD-37EF04A7630D}"
EndProject
Project("{FAE04EC0-301F-11D3-BF4B-00C04F79EFBC}") = "Topic4_DetailedCollections", "Topic4_DetailedCollections\Topic4_DetailedCollections.csproj", "{D8849065-55D7-4BCF-8791-7A920D8E07FE}"
EndProject
Project("{FAE04EC0-301F-11D3-BF4B-00C04F79EFBC}") = "Topic5_LINQ", "Topic5_LINQ\Topic5_LINQ.csproj", "{FBF3A3C2-0D8F-4BA8-B488-ABF1A57A4A1B}"
EndProject
Project("{FAE04EC0-301F-11D3-BF4B-00C04F79EFBC}") = "Topic6_Generics", "Topic6_Generics\Topic6_Generics.csproj", "{446F2BB4-38A6-4526-AEF9-BDDBC1ED4AB5}"
EndProject
Project("{FAE04EC0-301F-11D3-BF4B-00C04F79EFBC}") = "Topic7_Exceptions", "Topic7_Exceptions\Topic7_Exceptions.csproj", "{3436F7A2-564D-4F16-BA10-8F3DCD902BEC}"
EndProject
Project("{FAE04EC0-301F-11D3-BF4B-00C04F79EFBC}") = "Topic8_ValueRefTypes", "Topic8_ValueRefTypes\Topic8_ValueRefTypes.csproj", "{54AC6628-E291-49A1-9A1E-1E3648CEF2C8}"
EndProject
Project("{FAE04EC0-301F-11D3-BF4B-00C04F79EFBC}") = "Topic9_NullOperators", "Topic9_NullOperators\Topic9_NullOperators.csproj", "{EEF2098C-3D1B-46E5-8424-A802B8371D4E}"
EndProject
Project("{FAE04EC0-301F-11D3-BF4B-00C04F79EFBC}") = "Topic10_DateTime", "Topic10_DateTime\Topic10_DateTime.csproj", "{0388C961-F02B-4C6A-A67C-5E3D633E71CE}"
EndProject
Project("{FAE04EC0-301F-11D3-BF4B-00C04F79EFBC}") = "Topic11_Basics", "Topic11_Basics\Topic11_Basics.csproj", "{B92FB762-0B53-40EB-BB2B-30122E04809B}"
EndProject
Global
	GlobalSection(SolutionConfigurationPlatforms) = preSolution
		Debug|Any CPU = Debug|Any CPU
		Debug|x64 = Debug|x64
		Debug|x86 = Debug|x86
		Release|Any CPU = Release|Any CPU
		Release|x64 = Release|x64
		Release|x86 = Release|x86
	EndGlobalSection
	GlobalSection(ProjectConfigurationPlatforms) = postSolution
		{ED9878B6-4787-4A59-BA25-7B216CBDFAA7}.Debug|Any CPU.ActiveCfg = Debug|Any CPU
		{ED9878B6-4787-4A59-BA25-7B216CBDFAA7}.Debug|Any CPU.Build.0 = Debug|Any CPU
		{ED9878B6-4787-4A59-BA25-7B216CBDFAA7}.Debug|x64.ActiveCfg = Debug|Any CPU
		{ED9878B6-4787-4A59-BA25-7B216CBDFAA7}.Debug|x64.Build.0 = Debug|Any CPU
		{ED9878B6-4787-4A59-BA25-7B216CBDFAA7}.Debug|x86.ActiveCfg = Debug|Any CPU
		{ED9878B6-4787-4A59-BA25-7B216CBDFAA7}.Debug|x86.Build.0 = Debug|Any CPU
		{ED9878B6-4787-4A59-BA25-7B216CBDFAA7}.Release|Any CPU.ActiveCfg = Release|Any CPU
		{ED9878B6-4787-4A59-BA25-7B216CBDFAA7}.Release|Any CPU.Build.0 = Release|Any CPU
		{ED9878B6-4787-4A59-BA25-7B216CBDFAA7}.Release|x64.ActiveCfg = Release|Any CPU
		{ED9878B6-4787-4A59-BA25-7B216CBDFAA7}.Release|x64.Build.0 = Release|Any CPU
		{ED9878B6-4787-4A59-BA25-7B216CBDFAA7}.Release|x86.ActiveCfg = Release|Any CPU
		{ED9878B6-4787-4A59-BA25-7B216CBDFAA7}.Release|x86.Build.0 = Release|Any CPU
		{D0CF69AC-6898-46E5-8FF3-3CA83FFE0214}.Debug|Any CPU.ActiveCfg = Debug|Any CPU
		{D0CF69AC-6898-46E5-8FF3-3CA83FFE0214}.Debug|Any CPU.Build.0 = Debug|Any CPU
		{D0CF69AC-6898-46E5-8FF3-3CA83FFE0214}.Debug|x64.ActiveCfg = Debug|Any CPU
		{D0CF69AC-6898-46E5-8FF3-3CA83FFE0214}.Debug|x64.Build.0 = Debug|Any CPU
		{D0CF69AC-6898-46E5-8FF3-3CA83FFE0214}.Debug|x86.ActiveCfg = Debug|Any CPU
		{D0CF69AC-6898-46E5-8FF3-3CA83FFE0214}.Debug|x86.Build.0 = Debug|Any CPU
		{D0CF69AC-6898-46E5-8FF3-3CA83FFE0214}.Release|Any CPU.ActiveCfg = Release|Any CPU
		{D0CF69AC-6898-46E5-8FF3-3CA83FFE0214}.Release|Any CPU.Build.0 = Release|Any CPU
		{D0CF69AC-6898-46E5-8FF3-3CA83FFE0214}.Release|x64.ActiveCfg = Release|Any CPU
		{D0CF69AC-6898-46E5-8FF3-3CA83FFE0214}.Release|x64.Build.0 = Release|Any CPU
		{D0CF69AC-6898-46E5-8FF3-3CA83FFE0214}.Release|x86.ActiveCfg = Release|Any CPU
		{D0CF69AC-6898-46E5-8FF3-3CA83FFE0214}.Release|x86.Build.0 = Release|Any CPU
		{B17919B3-68DD-4A60-BABA-97CD0AB808B8}.Debug|Any CPU.ActiveCfg = Debug|Any CPU
		{B17919B3-68DD-4A60-BABA-97CD0AB808B8}.Debug|Any CPU.Build.0 = Debug|Any CPU
		{B17919B3-68DD-4A60-BABA-97CD0AB808B8}.Debug|x64.ActiveCfg = Debug|Any CPU
		{B17919B3-68DD-4A60-BABA-97CD0AB808B8}.Debug|x64.Build.0 = Debug|Any CPU
		{B17919B3-68DD-4A60-BABA-97CD0AB808B8}.Debug|x86.ActiveCfg = Debug|Any CPU
		{B17919B3-68DD-4A60-BABA-97CD0AB808B8}.Debug|x86.Build.0 = Debug|Any CPU
		{B17919B3-68DD-4A60-BABA-97CD0AB808B8}.Release|Any CPU.ActiveCfg = Release|Any CPU
		{B17919B3-68DD-4A60-BABA-97CD0AB808B8}.Release|Any CPU.Build.0 = Release|Any CPU
		{B17919B3-68DD-4A60-BABA-97CD0AB808B8}.Release|x64.ActiveCfg = Release|Any CPU
		{B17919B3-68DD-4A60-BABA-97CD0AB808B8}.Release|x64.Build.0 = Release|Any CPU
		{B17919B3-68DD-4A60-BABA-97CD0AB808B8}.Release|x86.ActiveCfg = Release|Any CPU
		{B17919B3-68DD-4A60-BABA-97CD0AB808B8}.Release|x86.Build.0 = Release|Any CPU
		{60BA81B5-DCB3-4BBD-9DCD-37EF04A7630D}.Debug|Any CPU.ActiveCfg = Debug|Any CPU
		{60BA81B5-DCB3-4BBD-9DCD-37EF04A7630D}.Debug|Any CPU.Build.0 = Debug|Any CPU
		{60BA81B5-DCB3-4BBD-9DCD-37EF04A7630D}.Debug|x64.ActiveCfg = Debug|Any CPU
		{60BA81B5-DCB3-4BBD-9DCD-37EF04A7630D}.Debug|x64.Build.0 = Debug|Any CPU
		{60BA81B5-DCB3-4BBD-9DCD-37EF04A7630D}.Debug|x86.ActiveCfg = Debug|Any CPU
		{60BA81B5-DCB3-4BBD-9DCD-37EF04A7630D}.Debug|x86.Build.0 = Debug|Any CPU
		{60BA81B5-DCB3-4BBD-9DCD-37EF04A7630D}.Release|Any CPU.ActiveCfg = Release|Any CPU
		{60BA81B5-DCB3-4BBD-9DCD-37EF04A7630D}.Release|Any CPU.Build.0 = Release|Any CPU
		{60BA81B5-DCB3-4BBD-9DCD-37EF04A7630D}.Release|x64.ActiveCfg = Release|Any CPU
		{60BA81B5-DCB3-4BBD-9DCD-37EF04A7630D}.Release|x64.Build.0 = Release|Any CPU
		{60BA81B5-DCB3-4BBD-9DCD-37EF04A7630D}.Release|x86.ActiveCfg = Release|Any CPU
		{60BA81B5-DCB3-4BBD-9DCD-37EF04A7630D}.Release|x86.Build.0 = Release|Any CPU
		{D8849065-55D7-4BCF-8791-7A920D8E07FE}.Debug|Any CPU.ActiveCfg = Debug|Any CPU
		{D8849065-55D7-4BCF-8791-7A920D8E07FE}.Debug|Any CPU.Build.0 = Debug|Any CPU
		{D8849065-55D7-4BCF-8791-7A920D8E07FE}.Debug|x64.ActiveCfg = Debug|Any CPU
		{D8849065-55D7-4BCF-8791-7A920D8E07FE}.Debug|x64.Build.0 = Debug|Any CPU
		{D8849065-55D7-4BCF-8791-7A920D8E07FE}.Debug|x86.ActiveCfg = Debug|Any CPU
		{D8849065-55D7-4BCF-8791-7A920D8E07FE}.Debug|x86.Build.0 = Debug|Any CPU
		{D8849065-55D7-4BCF-8791-7A920D8E07FE}.Release|Any CPU.ActiveCfg = Release|Any CPU
		{D8849065-55D7-4BCF-8791-7A920D8E07FE}.Release|Any CPU.Build.0 = Release|Any CPU
		{D8849065-55D7-4BCF-8791-7A920D8E07FE}.Release|x64.ActiveCfg = Release|Any CPU
		{D8849065-55D7-4BCF-8791-7A920D8E07FE}.Release|x64.Build.0 = Release|Any CPU
		{D8849065-55D7-4BCF-8791-7A920D8E07FE}.Release|x86.ActiveCfg = Release|Any CPU
		{D8849065-55D7-4BCF-8791-7A920D8E07FE}.Release|x86.Build.0 = Release|Any CPU
		{FBF3A3C2-0D8F-4BA8-B488-ABF1A57A4A1B}.Debug|Any CPU.ActiveCfg = Debug|Any CPU
		{FBF3A3C2-0D8F-4BA8-B488-ABF1A57A4A1B}.Debug|Any CPU.Build.0 = Debug|Any CPU
		{FBF3A3C2-0D8F-4BA8-B488-ABF1A57A4A1B}.Debug|x64.ActiveCfg = Debug|Any CPU
		{FBF3A3C2-0D8F-4BA8-B488-ABF1A57A4A1B}.Debug|x64.Build.0 = Debug|Any CPU
		{FBF3A3C2-0D8F-4BA8-B488-ABF1A57A4A1B}.Debug|x86.ActiveCfg = Debug|Any CPU
		{FBF3A3C2-0D8F-4BA8-B488-ABF1A57A4A1B}.Debug|x86.Build.0 = Debug|Any CPU
		{FBF3A3C2-0D8F-4BA8-B488-ABF1A57A4A1B}.Release|Any CPU.ActiveCfg = Release|Any CPU
		{FBF3A3C2-0D8F-4BA8-B488-ABF1A57A4A1B}.Release|Any CPU.Build.0 = Release|Any CPU
		{FBF3A3C2-0D8F-4BA8-B488-ABF1A57A4A1B}.Release|x64.ActiveCfg = Release|Any CPU
		{FBF3A3C2-0D8F-4BA8-B488-ABF1A57A4A1B}.Release|x64.Build.0 = Release|Any CPU
		{FBF3A3C2-0D8F-4BA8-B488-ABF1A57A4A1B}.Release|x86.ActiveCfg = Release|Any CPU
		{FBF3A3C2-0D8F-4BA8-B488-ABF1A57A4A1B}.Release|x86.Build.0 = Release|Any CPU
		{446F2BB4-38A6-4526-AEF9-BDDBC1ED4AB5}.Debug|Any CPU.ActiveCfg = Debug|Any CPU
		{446F2BB4-38A6-4526-AEF9-BDDBC1ED4AB5}.Debug|Any CPU.Build.0 = Debug|Any CPU
		{446F2BB4-38A6-4526-AEF9-BDDBC1ED4AB5}.Debug|x64.ActiveCfg = Debug|Any CPU
		{446F2BB4-38A6-4526-AEF9-BDDBC1ED4AB5}.Debug|x64.Build.0 = Debug|Any CPU
		{446F2BB4-38A6-4526-AEF9-BDDBC1ED4AB5}.Debug|x86.ActiveCfg = Debug|Any CPU
		{446F2BB4-38A6-4526-AEF9-BDDBC1ED4AB5}.Debug|x86.Build.0 = Debug|Any CPU
		{446F2BB4-38A6-4526-AEF9-BDDBC1ED4AB5}.Release|Any CPU.ActiveCfg = Release|Any CPU
		{446F2BB4-38A6-4526-AEF9-BDDBC1ED4AB5}.Release|Any CPU.Build.0 = Release|Any CPU
		{446F2BB4-38A6-4526-AEF9-BDDBC1ED4AB5}.Release|x64.ActiveCfg = Release|Any CPU
		{446F2BB4-38A6-4526-AEF9-BDDBC1ED4AB5}.Release|x64.Build.0 = Release|Any CPU
		{446F2BB4-38A6-4526-AEF9-BDDBC1ED4AB5}.Release|x86.ActiveCfg = Release|Any CPU
		{446F2BB4-38A6-4526-AEF9-BDDBC1ED4AB5}.Release|x86.Build.0 = Release|Any CPU
		{3436F7A2-564D-4F16-BA10-8F3DCD902BEC}.Debug|Any CPU.ActiveCfg = Debug|Any CPU
		{3436F7A2-564D-4F16-BA10-8F3DCD902BEC}.Debug|Any CPU.Build.0 = Debug|Any CPU
		{3436F7A2-564D-4F16-BA10-8F3DCD902BEC}.Debug|x64.ActiveCfg = Debug|Any CPU
		{3436F7A2-564D-4F16-BA10-8F3DCD902BEC}.Debug|x64.Build.0 = Debug|Any CPU
		{3436F7A2-564D-4F16-BA10-8F3DCD902BEC}.Debug|x86.ActiveCfg = Debug|Any CPU
		{3436F7A2-564D-4F16-BA10-8F3DCD902BEC}.Debug|x86.Build.0 = Debug|Any CPU
		{3436F7A2-564D-4F16-BA10-8F3DCD902BEC}.Release|Any CPU.ActiveCfg = Release|Any CPU
		{3436F7A2-564D-4F16-BA10-8F3DCD902BEC}.Release|Any CPU.Build.0 = Release|Any CPU
		{3436F7A2-564D-4F16-BA10-8F3DCD902BEC}.Release|x64.ActiveCfg = Release|Any CPU
		{3436F7A2-564D-4F16-BA10-8F3DCD902BEC}.Release|x64.Build.0 = Release|Any CPU
		{3436F7A2-564D-4F16-BA10-8F3DCD902BEC}.Release|x86.ActiveCfg = Release|Any CPU
		{3436F7A2-564D-4F16-BA10-8F3DCD902BEC}.Release|x86.Build.0 = Release|Any CPU
		{54AC6628-E291-49A1-9A1E-1E3648CEF2C8}.Debug|Any CPU.ActiveCfg = Debug|Any CPU
		{54AC6628-E291-49A1-9A1E-1E3648CEF2C8}.Debug|Any CPU.Build.0 = Debug|Any CPU
		{54AC6628-E291-49A1-9A1E-1E3648CEF2C8}.Debug|x64.ActiveCfg = Debug|Any CPU
		{54AC6628-E291-49A1-9A1E-1E3648CEF2C8}.Debug|x64.Build.0 = Debug|Any CPU
		{54AC6628-E291-49A1-9A1E-1E3648CEF2C8}.Debug|x86.ActiveCfg = Debug|Any CPU
		{54AC6628-E291-49A1-9A1E-1E3648CEF2C8}.Debug|x86.Build.0 = Debug|Any CPU
		{54AC6628-E291-49A1-9A1E-1E3648CEF2C8}.Release|Any CPU.ActiveCfg = Release|Any CPU
		{54AC6628-E291-49A1-9A1E-1E3648CEF2C8}.Release|Any CPU.Build.0 = Release|Any CPU
		{54AC6628-E291-49A1-9A1E-1E3648CEF2C8}.Release|x64.ActiveCfg = Release|Any CPU
		{54AC6628-E291-49A1-9A1E-1E3648CEF2C8}.Release|x64.Build.0 = Release|Any CPU
		{54AC6628-E291-49A1-9A1E-1E3648CEF2C8}.Release|x86.ActiveCfg = Release|Any CPU
		{54AC6628-E291-49A1-9A1E-1E3648CEF2C8}.Release|x86.Build.0 = Release|Any CPU
		{EEF2098C-3D1B-46E5-8424-A802B8371D4E}.Debug|Any CPU.ActiveCfg = Debug|Any CPU
		{EEF2098C-3D1B-46E5-8424-A802B8371D4E}.Debug|Any CPU.Build.0 = Debug|Any CPU
		{EEF2098C-3D1B-46E5-8424-A802B8371D4E}.Debug|x64.ActiveCfg = Debug|Any CPU
		{EEF2098C-3D1B-46E5-8424-A802B8371D4E}.Debug|x64.Build.0 = Debug|Any CPU
		{EEF2098C-3D1B-46E5-8424-A802B8371D4E}.Debug|x86.ActiveCfg = Debug|Any CPU
		{EEF2098C-3D1B-46E5-8424-A802B8371D4E}.Debug|x86.Build.0 = Debug|Any CPU
		{EEF2098C-3D1B-46E5-8424-A802B8371D4E}.Release|Any CPU.ActiveCfg = Release|Any CPU
		{EEF2098C-3D1B-46E5-8424-A802B8371D4E}.Release|Any CPU.Build.0 = Release|Any CPU
		{EEF2098C-3D1B-46E5-8424-A802B8371D4E}.Release|x64.ActiveCfg = Release|Any CPU
		{EEF2098C-3D1B-46E5-8424-A802B8371D4E}.Release|x64.Build.0 = Release|Any CPU
		{EEF2098C-3D1B-46E5-8424-A802B8371D4E}.Release|x86.ActiveCfg = Release|Any CPU
		{EEF2098C-3D1B-46E5-8424-A802B8371D4E}.Release|x86.Build.0 = Release|Any CPU
		{0388C961-F02B-4C6A-A67C-5E3D633E71CE}.Debug|Any CPU.ActiveCfg = Debug|Any CPU
		{0388C961-F02B-4C6A-A67C-5E3D633E71CE}.Debug|Any CPU.Build.0 = Debug|Any CPU
		{0388C961-F02B-4C6A-A67C-5E3D633E71CE}.Debug|x64.ActiveCfg = Debug|Any CPU
		{0388C961-F02B-4C6A-A67C-5E3D633E71CE}.Debug|x64.Build.0 = Debug|Any CPU
		{0388C961-F02B-4C6A-A67C-5E3D633E71CE}.Debug|x86.ActiveCfg = Debug|Any CPU
		{0388C961-F02B-4C6A-A67C-5E3D633E71CE}.Debug|x86.Build.0 = Debug|Any CPU
		{0388C961-F02B-4C6A-A67C-5E3D633E71CE}.Release|Any CPU.ActiveCfg = Release|Any CPU
		{0388C961-F02B-4C6A-A67C-5E3D633E71CE}.Release|Any CPU.Build.0 = Release|Any CPU
		{0388C961-F02B-4C6A-A67C-5E3D633E71CE}.Release|x64.ActiveCfg = Release|Any CPU
		{0388C961-F02B-4C6A-A67C-5E3D633E71CE}.Release|x64.Build.0 = Release|Any CPU
		{0388C961-F02B-4C6A-A67C-5E3D633E71CE}.Release|x86.ActiveCfg = Release|Any CPU
		{0388C961-F02B-4C6A-A67C-5E3D633E71CE}.Release|x86.Build.0 = Release|Any CPU
		{B92FB762-0B53-40EB-BB2B-30122E04809B}.Debug|Any CPU.ActiveCfg = Debug|Any CPU
		{B92FB762-0B53-40EB-BB2B-30122E04809B}.Debug|Any CPU.Build.0 = Debug|Any CPU
		{B92FB762-0B53-40EB-BB2B-30122E04809B}.Debug|x64.ActiveCfg = Debug|Any CPU
		{B92FB762-0B53-40EB-BB2B-30122E04809B}.Debug|x64.Build.0 = Debug|Any CPU
		{B92FB762-0B53-40EB-BB2B-30122E04809B}.Debug|x86.ActiveCfg = Debug|Any CPU
		{B92FB762-0B53-40EB-BB2B-30122E04809B}.Debug|x86.Build.0 = Debug|Any CPU
		{B92FB762-0B53-40EB-BB2B-30122E04809B}.Release|Any CPU.ActiveCfg = Release|Any CPU
		{B92FB762-0B53-40EB-BB2B-30122E04809B}.Release|Any CPU.Build.0 = Release|Any CPU
		{B92FB762-0B53-40EB-BB2B-30122E04809B}.Release|x64.ActiveCfg = Release|Any CPU
		{B92FB762-0B53-40EB-BB2B-30122E04809B}.Release|x64.Build.0 = Release|Any CPU
		{B92FB762-0B53-40EB-BB2B-30122E04809B}.Release|x86.ActiveCfg = Release|Any CPU
		{B92FB762-0B53-40EB-BB2B-30122E04809B}.Release|x86.Build.0 = Release|Any CPU
	EndGlobalSection
	GlobalSection(SolutionProperties) = preSolution
		HideSolutionNode = FALSE
	EndGlobalSection
EndGlobal
